
Microsoft Visual Studio Solution File, Format Version 12.00
# Visual Studio Version 17
VisualStudioVersion = 17.8.34330.188
MinimumVisualStudioVersion = 10.0.40219.1
Project("{FAE04EC0-301F-11D3-BF4B-00C04F79EFBC}") = "ChatingApp", "ChatingApp\ChatingApp.csproj", "{D50C85D1-ED3C-4994-8F64-D924D8F79590}"
EndProject
Global
	GlobalSection(SolutionConfigurationPlatforms) = preSolution
		Debug|Any CPU = Debug|Any CPU
		Release|Any CPU = Release|Any CPU
	EndGlobalSection
	GlobalSection(ProjectConfigurationPlatforms) = postSolution
		{D50C85D1-ED3C-4994-8F64-D924D8F79590}.Debug|Any CPU.ActiveCfg = Debug|Any CPU
		{D50C85D1-ED3C-4994-8F64-D924D8F79590}.Debug|Any CPU.Build.0 = Debug|Any CPU
		{D50C85D1-ED3C-4994-8F64-D924D8F79590}.Release|Any CPU.ActiveCfg = Release|Any CPU
		{D50C85D1-ED3C-4994-8F64-D924D8F79590}.Release|Any CPU.Build.0 = Release|Any CPU
	EndGlobalSection
	GlobalSection(SolutionProperties) = preSolution
		HideSolutionNode = FALSE
	EndGlobalSection
	GlobalSection(ExtensibilityGlobals) = postSolution
		SolutionGuid = {C311DA68-EB20-4A40-B086-B0B14BF66217}
	EndGlobalSection
EndGlobal
